
Microsoft Visual Studio Solution File, Format Version 12.00
# Visual Studio Version 17
VisualStudioVersion = 17.5.002.0
MinimumVisualStudioVersion = 10.0.40219.1
Project("{9A19103F-16F7-4668-BE54-9A1E7A4F7556}") = "maximum-diistance-in-arrays", "maximum-diistance-in-arrays.csproj", "{CC139862-2ABB-4BC1-B0F2-5D4A5597AF0F}"
EndProject
Global
	GlobalSection(SolutionConfigurationPlatforms) = preSolution
		Debug|Any CPU = Debug|Any CPU
		Release|Any CPU = Release|Any CPU
	EndGlobalSection
	GlobalSection(ProjectConfigurationPlatforms) = postSolution
		{CC139862-2ABB-4BC1-B0F2-5D4A5597AF0F}.Debug|Any CPU.ActiveCfg = Debug|Any CPU
		{CC139862-2ABB-4BC1-B0F2-5D4A5597AF0F}.Debug|Any CPU.Build.0 = Debug|Any CPU
		{CC139862-2ABB-4BC1-B0F2-5D4A5597AF0F}.Release|Any CPU.ActiveCfg = Release|Any CPU
		{CC139862-2ABB-4BC1-B0F2-5D4A5597AF0F}.Release|Any CPU.Build.0 = Release|Any CPU
	EndGlobalSection
	GlobalSection(SolutionProperties) = preSolution
		HideSolutionNode = FALSE
	EndGlobalSection
	GlobalSection(ExtensibilityGlobals) = postSolution
		SolutionGuid = {DA805E4F-591A-4936-A069-FA2C98F1B203}
	EndGlobalSection
EndGlobal
